// !$*UTF8*$!
{
	archiveVersion = 1;
	classes = {
	};
	objectVersion = 56;
	objects = {

/* Begin PBXBuildFile section */
		395A6D702BE977F100731954 /* GoogleMapsPrivacy.bundle in Resources */ = {isa = PBXBuildFile; fileRef = 395A6D6F2BE977F000731954 /* GoogleMapsPrivacy.bundle */; };
		395A6D722BE9AC3700731954 /* mapViewController.swift in Sources */ = {isa = PBXBuildFile; fileRef = 395A6D712BE9AC3700731954 /* mapViewController.swift */; };
		39A1291A2BE93BD200CDEB6D /* mapsSdkApp.swift in Sources */ = {isa = PBXBuildFile; fileRef = 39A129192BE93BD200CDEB6D /* mapsSdkApp.swift */; };
		39A1291C2BE93BD200CDEB6D /* Persistence.swift in Sources */ = {isa = PBXBuildFile; fileRef = 39A1291B2BE93BD200CDEB6D /* Persistence.swift */; };
		39A1291F2BE93BD200CDEB6D /* mapsSdk.xcdatamodeld in Sources */ = {isa = PBXBuildFile; fileRef = 39A1291D2BE93BD200CDEB6D /* mapsSdk.xcdatamodeld */; };
		39A129212BE93BD200CDEB6D /* ContentView.swift in Sources */ = {isa = PBXBuildFile; fileRef = 39A129202BE93BD200CDEB6D /* ContentView.swift */; };
		39A129232BE93BD300CDEB6D /* Assets.xcassets in Resources */ = {isa = PBXBuildFile; fileRef = 39A129222BE93BD300CDEB6D /* Assets.xcassets */; };
		39A129272BE93BD300CDEB6D /* Preview Assets.xcassets in Resources */ = {isa = PBXBuildFile; fileRef = 39A129262BE93BD300CDEB6D /* Preview Assets.xcassets */; };
		39A129302BE9403300CDEB6D /* Model.swift in Sources */ = {isa = PBXBuildFile; fileRef = 39A1292F2BE9403300CDEB6D /* Model.swift */; };
		39A129342BE9419B00CDEB6D /* AppDelegate.swift in Sources */ = {isa = PBXBuildFile; fileRef = 39A129332BE9419B00CDEB6D /* AppDelegate.swift */; };
		39A129372BE9434F00CDEB6D /* GoogleMaps in Frameworks */ = {isa = PBXBuildFile; productRef = 39A129362BE9434F00CDEB6D /* GoogleMaps */; };
		39A129392BE9434F00CDEB6D /* GoogleMapsBase in Frameworks */ = {isa = PBXBuildFile; productRef = 39A129382BE9434F00CDEB6D /* GoogleMapsBase */; };
		39A1293B2BE9434F00CDEB6D /* GoogleMapsCore in Frameworks */ = {isa = PBXBuildFile; productRef = 39A1293A2BE9434F00CDEB6D /* GoogleMapsCore */; };
		39A1293D2BE9434F00CDEB6D /* GoogleMapsM4B in Frameworks */ = {isa = PBXBuildFile; productRef = 39A1293C2BE9434F00CDEB6D /* GoogleMapsM4B */; };
/* End PBXBuildFile section */

/* Begin PBXFileReference section */
		395A6D6E2BE9486400731954 /* Info.plist */ = {isa = PBXFileReference; lastKnownFileType = text.plist; path = Info.plist; sourceTree = "<group>"; };
		395A6D6F2BE977F000731954 /* GoogleMapsPrivacy.bundle */ = {isa = PBXFileReference; lastKnownFileType = "wrapper.plug-in"; name = GoogleMapsPrivacy.bundle; path = ../../../../Downloads/GoogleMapsPrivacy.bundle; sourceTree = "<group>"; };
		395A6D712BE9AC3700731954 /* mapViewController.swift */ = {isa = PBXFileReference; lastKnownFileType = sourcecode.swift; path = mapViewController.swift; sourceTree = "<group>"; };
		39A129162BE93BD200CDEB6D /* mapsSdk.app */ = {isa = PBXFileReference; explicitFileType = wrapper.application; includeInIndex = 0; path = mapsSdk.app; sourceTree = BUILT_PRODUCTS_DIR; };
		39A129192BE93BD200CDEB6D /* mapsSdkApp.swift */ = {isa = PBXFileReference; lastKnownFileType = sourcecode.swift; path = mapsSdkApp.swift; sourceTree = "<group>"; };
		39A1291B2BE93BD200CDEB6D /* Persistence.swift */ = {isa = PBXFileReference; lastKnownFileType = sourcecode.swift; path = Persistence.swift; sourceTree = "<group>"; };
		39A1291E2BE93BD200CDEB6D /* mapsSdk.xcdatamodel */ = {isa = PBXFileReference; lastKnownFileType = wrapper.xcdatamodel; path = mapsSdk.xcdatamodel; sourceTree = "<group>"; };
		39A129202BE93BD200CDEB6D /* ContentView.swift */ = {isa = PBXFileReference; lastKnownFileType = sourcecode.swift; path = ContentView.swift; sourceTree = "<group>"; };
		39A129222BE93BD300CDEB6D /* Assets.xcassets */ = {isa = PBXFileReference; lastKnownFileType = folder.assetcatalog; path = Assets.xcassets; sourceTree = "<group>"; };
		39A129242BE93BD300CDEB6D /* mapsSdk.entitlements */ = {isa = PBXFileReference; lastKnownFileType = text.plist.entitlements; path = mapsSdk.entitlements; sourceTree = "<group>"; };
		39A129262BE93BD300CDEB6D /* Preview Assets.xcassets */ = {isa = PBXFileReference; lastKnownFileType = folder.assetcatalog; path = "Preview Assets.xcassets"; sourceTree = "<group>"; };
		39A1292F2BE9403300CDEB6D /* Model.swift */ = {isa = PBXFileReference; lastKnownFileType = sourcecode.swift; path = Model.swift; sourceTree = "<group>"; };
		39A129332BE9419B00CDEB6D /* AppDelegate.swift */ = {isa = PBXFileReference; lastKnownFileType = sourcecode.swift; path = AppDelegate.swift; sourceTree = "<group>"; };
/* End PBXFileReference section */

/* Begin PBXFrameworksBuildPhase section */
		39A129132BE93BD200CDEB6D /* Frameworks */ = {
			isa = PBXFrameworksBuildPhase;
			buildActionMask = 2147483647;
			files = (
				39A129372BE9434F00CDEB6D /* GoogleMaps in Frameworks */,
				39A1293B2BE9434F00CDEB6D /* GoogleMapsCore in Frameworks */,
				39A1293D2BE9434F00CDEB6D /* GoogleMapsM4B in Frameworks */,
				39A129392BE9434F00CDEB6D /* GoogleMapsBase in Frameworks */,
			);
			runOnlyForDeploymentPostprocessing = 0;
		};
/* End PBXFrameworksBuildPhase section */

/* Begin PBXGroup section */
		39A1290D2BE93BD200CDEB6D = {
			isa = PBXGroup;
			children = (
				39A129182BE93BD200CDEB6D /* mapsSdk */,
				39A129172BE93BD200CDEB6D /* Products */,
			);
			sourceTree = "<group>";
		};
		39A129172BE93BD200CDEB6D /* Products */ = {
			isa = PBXGroup;
			children = (
				39A129162BE93BD200CDEB6D /* mapsSdk.app */,
			);
			name = Products;
			sourceTree = "<group>";
		};
		39A129182BE93BD200CDEB6D /* mapsSdk */ = {
			isa = PBXGroup;
			children = (
				395A6D6E2BE9486400731954 /* Info.plist */,
				39A1292E2BE93FCE00CDEB6D /* Models */,
				39A1292D2BE93FB700CDEB6D /* Moduls */,
				39A129192BE93BD200CDEB6D /* mapsSdkApp.swift */,
				39A1291B2BE93BD200CDEB6D /* Persistence.swift */,
				39A129202BE93BD200CDEB6D /* ContentView.swift */,
				39A129222BE93BD300CDEB6D /* Assets.xcassets */,
				39A129242BE93BD300CDEB6D /* mapsSdk.entitlements */,
				39A1291D2BE93BD200CDEB6D /* mapsSdk.xcdatamodeld */,
				39A129252BE93BD300CDEB6D /* Preview Content */,
			);
			path = mapsSdk;
			sourceTree = "<group>";
		};
		39A129252BE93BD300CDEB6D /* Preview Content */ = {
			isa = PBXGroup;
			children = (
				395A6D6F2BE977F000731954 /* GoogleMapsPrivacy.bundle */,
				39A129262BE93BD300CDEB6D /* Preview Assets.xcassets */,
				39A129332BE9419B00CDEB6D /* AppDelegate.swift */,
			);
			path = "Preview Content";
			sourceTree = "<group>";
		};
		39A1292D2BE93FB700CDEB6D /* Moduls */ = {
			isa = PBXGroup;
			children = (
				395A6D712BE9AC3700731954 /* mapViewController.swift */,
			);
			path = Moduls;
			sourceTree = "<group>";
		};
		39A1292E2BE93FCE00CDEB6D /* Models */ = {
			isa = PBXGroup;
			children = (
				39A1292F2BE9403300CDEB6D /* Model.swift */,
			);
			path = Models;
			sourceTree = "<group>";
		};
/* End PBXGroup section */

/* Begin PBXNativeTarget section */
		39A129152BE93BD200CDEB6D /* mapsSdk */ = {
			isa = PBXNativeTarget;
			buildConfigurationList = 39A1292A2BE93BD300CDEB6D /* Build configuration list for PBXNativeTarget "mapsSdk" */;
			buildPhases = (
				39A129122BE93BD200CDEB6D /* Sources */,
				39A129132BE93BD200CDEB6D /* Frameworks */,
				39A129142BE93BD200CDEB6D /* Resources */,
			);
			buildRules = (
			);
			dependencies = (
			);
			name = mapsSdk;
			packageProductDependencies = (
				39A129362BE9434F00CDEB6D /* GoogleMaps */,
				39A129382BE9434F00CDEB6D /* GoogleMapsBase */,
				39A1293A2BE9434F00CDEB6D /* GoogleMapsCore */,
				39A1293C2BE9434F00CDEB6D /* GoogleMapsM4B */,
			);
			productName = mapsSdk;
			productReference = 39A129162BE93BD200CDEB6D /* mapsSdk.app */;
			productType = "com.apple.product-type.application";
		};
/* End PBXNativeTarget section */

/* Begin PBXProject section */
		39A1290E2BE93BD200CDEB6D /* Project object */ = {
			isa = PBXProject;
			attributes = {
				BuildIndependentTargetsInParallel = 1;
				LastSwiftUpdateCheck = 1530;
				LastUpgradeCheck = 1530;
				TargetAttributes = {
					39A129152BE93BD200CDEB6D = {
						CreatedOnToolsVersion = 15.3;
					};
				};
			};
			buildConfigurationList = 39A129112BE93BD200CDEB6D /* Build configuration list for PBXProject "mapsSdk" */;
			compatibilityVersion = "Xcode 14.0";
			developmentRegion = en;
			hasScannedForEncodings = 0;
			knownRegions = (
				en,
				Base,
			);
			mainGroup = 39A1290D2BE93BD200CDEB6D;
			packageReferences = (
				39A129352BE9434F00CDEB6D /* XCRemoteSwiftPackageReference "ios-maps-sdk" */,
			);
			productRefGroup = 39A129172BE93BD200CDEB6D /* Products */;
			projectDirPath = "";
			projectRoot = "";
			targets = (
				39A129152BE93BD200CDEB6D /* mapsSdk */,
			);
		};
/* End PBXProject section */

/* Begin PBXResourcesBuildPhase section */
		39A129142BE93BD200CDEB6D /* Resources */ = {
			isa = PBXResourcesBuildPhase;
			buildActionMask = 2147483647;
			files = (
				39A129272BE93BD300CDEB6D /* Preview Assets.xcassets in Resources */,
				39A129232BE93BD300CDEB6D /* Assets.xcassets in Resources */,
				395A6D702BE977F100731954 /* GoogleMapsPrivacy.bundle in Resources */,
			);
			runOnlyForDeploymentPostprocessing = 0;
		};
/* End PBXResourcesBuildPhase section */

/* Begin PBXSourcesBuildPhase section */
		39A129122BE93BD200CDEB6D /* Sources */ = {
			isa = PBXSourcesBuildPhase;
			buildActionMask = 2147483647;
			files = (
				39A129302BE9403300CDEB6D /* Model.swift in Sources */,
				39A1291A2BE93BD200CDEB6D /* mapsSdkApp.swift in Sources */,
				39A1291C2BE93BD200CDEB6D /* Persistence.swift in Sources */,
				39A129342BE9419B00CDEB6D /* AppDelegate.swift in Sources */,
				395A6D722BE9AC3700731954 /* mapViewController.swift in Sources */,
				39A129212BE93BD200CDEB6D /* ContentView.swift in Sources */,
				39A1291F2BE93BD200CDEB6D /* mapsSdk.xcdatamodeld in Sources */,
			);
			runOnlyForDeploymentPostprocessing = 0;
		};
/* End PBXSourcesBuildPhase section */

/* Begin XCBuildConfiguration section */
		39A129282BE93BD300CDEB6D /* Debug */ = {
			isa = XCBuildConfiguration;
			buildSettings = {
				ALWAYS_SEARCH_USER_PATHS = NO;
				ASSETCATALOG_COMPILER_GENERATE_SWIFT_ASSET_SYMBOL_EXTENSIONS = YES;
				CLANG_ANALYZER_NONNULL = YES;
				CLANG_ANALYZER_NUMBER_OBJECT_CONVERSION = YES_AGGRESSIVE;
				CLANG_CXX_LANGUAGE_STANDARD = "gnu++20";
				CLANG_ENABLE_MODULES = YES;
				CLANG_ENABLE_OBJC_ARC = YES;
				CLANG_ENABLE_OBJC_WEAK = YES;
				CLANG_WARN_BLOCK_CAPTURE_AUTORELEASING = YES;
				CLANG_WARN_BOOL_CONVERSION = YES;
				CLANG_WARN_COMMA = YES;
				CLANG_WARN_CONSTANT_CONVERSION = YES;
				CLANG_WARN_DEPRECATED_OBJC_IMPLEMENTATIONS = YES;
				CLANG_WARN_DIRECT_OBJC_ISA_USAGE = YES_ERROR;
				CLANG_WARN_DOCUMENTATION_COMMENTS = YES;
				CLANG_WARN_EMPTY_BODY = YES;
				CLANG_WARN_ENUM_CONVERSION = YES;
				CLANG_WARN_INFINITE_RECURSION = YES;
				CLANG_WARN_INT_CONVERSION = YES;
				CLANG_WARN_NON_LITERAL_NULL_CONVERSION = YES;
				CLANG_WARN_OBJC_IMPLICIT_RETAIN_SELF = YES;
				CLANG_WARN_OBJC_LITERAL_CONVERSION = YES;
				CLANG_WARN_OBJC_ROOT_CLASS = YES_ERROR;
				CLANG_WARN_QUOTED_INCLUDE_IN_FRAMEWORK_HEADER = YES;
				CLANG_WARN_RANGE_LOOP_ANALYSIS = YES;
				CLANG_WARN_STRICT_PROTOTYPES = YES;
				CLANG_WARN_SUSPICIOUS_MOVE = YES;
				CLANG_WARN_UNGUARDED_AVAILABILITY = YES_AGGRESSIVE;
				CLANG_WARN_UNREACHABLE_CODE = YES;
				CLANG_WARN__DUPLICATE_METHOD_MATCH = YES;
				COPY_PHASE_STRIP = NO;
				DEBUG_INFORMATION_FORMAT = dwarf;
				ENABLE_STRICT_OBJC_MSGSEND = YES;
				ENABLE_TESTABILITY = YES;
				ENABLE_USER_SCRIPT_SANDBOXING = YES;
				GCC_C_LANGUAGE_STANDARD = gnu17;
				GCC_DYNAMIC_NO_PIC = NO;
				GCC_NO_COMMON_BLOCKS = YES;
				GCC_OPTIMIZATION_LEVEL = 0;
				GCC_PREPROCESSOR_DEFINITIONS = (
					"DEBUG=1",
					"$(inherited)",
				);
				GCC_WARN_64_TO_32_BIT_CONVERSION = YES;
				GCC_WARN_ABOUT_RETURN_TYPE = YES_ERROR;
				GCC_WARN_UNDECLARED_SELECTOR = YES;
				GCC_WARN_UNINITIALIZED_AUTOS = YES_AGGRESSIVE;
				GCC_WARN_UNUSED_FUNCTION = YES;
				GCC_WARN_UNUSED_VARIABLE = YES;
				LOCALIZATION_PREFERS_STRING_CATALOGS = YES;
				MTL_ENABLE_DEBUG_INFO = INCLUDE_SOURCE;
				MTL_FAST_MATH = YES;
				ONLY_ACTIVE_ARCH = YES;
				SWIFT_ACTIVE_COMPILATION_CONDITIONS = "DEBUG $(inherited)";
				SWIFT_OPTIMIZATION_LEVEL = "-Onone";
			};
			name = Debug;
		};
		39A129292BE93BD300CDEB6D /* Release */ = {
			isa = XCBuildConfiguration;
			buildSettings = {
				ALWAYS_SEARCH_USER_PATHS = NO;
				ASSETCATALOG_COMPILER_GENERATE_SWIFT_ASSET_SYMBOL_EXTENSIONS = YES;
				CLANG_ANALYZER_NONNULL = YES;
				CLANG_ANALYZER_NUMBER_OBJECT_CONVERSION = YES_AGGRESSIVE;
				CLANG_CXX_LANGUAGE_STANDARD = "gnu++20";
				CLANG_ENABLE_MODULES = YES;
				CLANG_ENABLE_OBJC_ARC = YES;
				CLANG_ENABLE_OBJC_WEAK = YES;
				CLANG_WARN_BLOCK_CAPTURE_AUTORELEASING = YES;
				CLANG_WARN_BOOL_CONVERSION = YES;
				CLANG_WARN_COMMA = YES;
				CLANG_WARN_CONSTANT_CONVERSION = YES;
				CLANG_WARN_DEPRECATED_OBJC_IMPLEMENTATIONS = YES;
				CLANG_WARN_DIRECT_OBJC_ISA_USAGE = YES_ERROR;
				CLANG_WARN_DOCUMENTATION_COMMENTS = YES;
				CLANG_WARN_EMPTY_BODY = YES;
				CLANG_WARN_ENUM_CONVERSION = YES;
				CLANG_WARN_INFINITE_RECURSION = YES;
				CLANG_WARN_INT_CONVERSION = YES;
				CLANG_WARN_NON_LITERAL_NULL_CONVERSION = YES;
				CLANG_WARN_OBJC_IMPLICIT_RETAIN_SELF = YES;
				CLANG_WARN_OBJC_LITERAL_CONVERSION = YES;
				CLANG_WARN_OBJC_ROOT_CLASS = YES_ERROR;
				CLANG_WARN_QUOTED_INCLUDE_IN_FRAMEWORK_HEADER = YES;
				CLANG_WARN_RANGE_LOOP_ANALYSIS = YES;
				CLANG_WARN_STRICT_PROTOTYPES = YES;
				CLANG_WARN_SUSPICIOUS_MOVE = YES;
				CLANG_WARN_UNGUARDED_AVAILABILITY = YES_AGGRESSIVE;
				CLANG_WARN_UNREACHABLE_CODE = YES;
				CLANG_WARN__DUPLICATE_METHOD_MATCH = YES;
				COPY_PHASE_STRIP = NO;
				DEBUG_INFORMATION_FORMAT = "dwarf-with-dsym";
				ENABLE_NS_ASSERTIONS = NO;
				ENABLE_STRICT_OBJC_MSGSEND = YES;
				ENABLE_USER_SCRIPT_SANDBOXING = YES;
				GCC_C_LANGUAGE_STANDARD = gnu17;
				GCC_NO_COMMON_BLOCKS = YES;
				GCC_WARN_64_TO_32_BIT_CONVERSION = YES;
				GCC_WARN_ABOUT_RETURN_TYPE = YES_ERROR;
				GCC_WARN_UNDECLARED_SELECTOR = YES;
				GCC_WARN_UNINITIALIZED_AUTOS = YES_AGGRESSIVE;
				GCC_WARN_UNUSED_FUNCTION = YES;
				GCC_WARN_UNUSED_VARIABLE = YES;
				LOCALIZATION_PREFERS_STRING_CATALOGS = YES;
				MTL_ENABLE_DEBUG_INFO = NO;
				MTL_FAST_MATH = YES;
				SWIFT_COMPILATION_MODE = wholemodule;
			};
			name = Release;
		};
		39A1292B2BE93BD300CDEB6D /* Debug */ = {
			isa = XCBuildConfiguration;
			buildSettings = {
				ASSETCATALOG_COMPILER_APPICON_NAME = AppIcon;
				ASSETCATALOG_COMPILER_GLOBAL_ACCENT_COLOR_NAME = AccentColor;
				CODE_SIGN_ENTITLEMENTS = mapsSdk/mapsSdk.entitlements;
				CODE_SIGN_STYLE = Automatic;
				CURRENT_PROJECT_VERSION = 1;
				DEVELOPMENT_ASSET_PATHS = "\"mapsSdk/Preview Content\"";
				ENABLE_PREVIEWS = YES;
				GENERATE_INFOPLIST_FILE = YES;
				INFOPLIST_FILE = mapsSdk/Info.plist;
				INFOPLIST_KEY_NSLocationAlwaysUsageDescription = "El dispositivo necesita a tu ubicacion en segundo plano";
				INFOPLIST_KEY_NSLocationWhenInUseUsageDescription = "Este dispositivo quiere acceder a tu ubicacion";
				"INFOPLIST_KEY_UIApplicationSceneManifest_Generation[sdk=iphoneos*]" = YES;
				"INFOPLIST_KEY_UIApplicationSceneManifest_Generation[sdk=iphonesimulator*]" = YES;
				"INFOPLIST_KEY_UIApplicationSupportsIndirectInputEvents[sdk=iphoneos*]" = YES;
				"INFOPLIST_KEY_UIApplicationSupportsIndirectInputEvents[sdk=iphonesimulator*]" = YES;
				"INFOPLIST_KEY_UILaunchScreen_Generation[sdk=iphoneos*]" = YES;
				"INFOPLIST_KEY_UILaunchScreen_Generation[sdk=iphonesimulator*]" = YES;
				"INFOPLIST_KEY_UIStatusBarStyle[sdk=iphoneos*]" = UIStatusBarStyleDefault;
				"INFOPLIST_KEY_UIStatusBarStyle[sdk=iphonesimulator*]" = UIStatusBarStyleDefault;
				INFOPLIST_KEY_UISupportedInterfaceOrientations_iPad = "UIInterfaceOrientationPortrait UIInterfaceOrientationPortraitUpsideDown UIInterfaceOrientationLandscapeLeft UIInterfaceOrientationLandscapeRight";
				INFOPLIST_KEY_UISupportedInterfaceOrientations_iPhone = "UIInterfaceOrientationPortrait UIInterfaceOrientationLandscapeLeft UIInterfaceOrientationLandscapeRight";
				IPHONEOS_DEPLOYMENT_TARGET = 17.4;
				LD_RUNPATH_SEARCH_PATHS = "@executable_path/Frameworks";
				"LD_RUNPATH_SEARCH_PATHS[sdk=macosx*]" = "@executable_path/../Frameworks";
				MACOSX_DEPLOYMENT_TARGET = 14.4;
				MARKETING_VERSION = 1.0;
				PRODUCT_BUNDLE_IDENTIFIER = com.monscegutierrez.com.mapsSdk;
				PRODUCT_NAME = "$(TARGET_NAME)";
				SDKROOT = auto;
				SUPPORTED_PLATFORMS = "iphoneos iphonesimulator macosx";
				SWIFT_EMIT_LOC_STRINGS = YES;
				SWIFT_VERSION = 5.0;
				TARGETED_DEVICE_FAMILY = "1,2";
			};
			name = Debug;
		};
		39A1292C2BE93BD300CDEB6D /* Release */ = {
			isa = XCBuildConfiguration;
			buildSettings = {
				ASSETCATALOG_COMPILER_APPICON_NAME = AppIcon;
				ASSETCATALOG_COMPILER_GLOBAL_ACCENT_COLOR_NAME = AccentColor;
				CODE_SIGN_ENTITLEMENTS = mapsSdk/mapsSdk.entitlements;
				CODE_SIGN_STYLE = Automatic;
				CURRENT_PROJECT_VERSION = 1;
				DEVELOPMENT_ASSET_PATHS = "\"mapsSdk/Preview Content\"";
				ENABLE_PREVIEWS = YES;
				GENERATE_INFOPLIST_FILE = YES;
				INFOPLIST_FILE = mapsSdk/Info.plist;
				INFOPLIST_KEY_NSLocationAlwaysUsageDescription = "El dispositivo necesita a tu ubicacion en segundo plano";
				INFOPLIST_KEY_NSLocationWhenInUseUsageDescription = "Este dispositivo quiere acceder a tu ubicacion";
				"INFOPLIST_KEY_UIApplicationSceneManifest_Generation[sdk=iphoneos*]" = YES;
				"INFOPLIST_KEY_UIApplicationSceneManifest_Generation[sdk=iphonesimulator*]" = YES;
				"INFOPLIST_KEY_UIApplicationSupportsIndirectInputEvents[sdk=iphoneos*]" = YES;
				"INFOPLIST_KEY_UIApplicationSupportsIndirectInputEvents[sdk=iphonesimulator*]" = YES;
				"INFOPLIST_KEY_UILaunchScreen_Generation[sdk=iphoneos*]" = YES;
				"INFOPLIST_KEY_UILaunchScreen_Generation[sdk=iphonesimulator*]" = YES;
				"INFOPLIST_KEY_UIStatusBarStyle[sdk=iphoneos*]" = UIStatusBarStyleDefault;
				"INFOPLIST_KEY_UIStatusBarStyle[sdk=iphonesimulator*]" = UIStatusBarStyleDefault;
				INFOPLIST_KEY_UISupportedInterfaceOrientations_iPad = "UIInterfaceOrientationPortrait UIInterfaceOrientationPortraitUpsideDown UIInterfaceOrientationLandscapeLeft UIInterfaceOrientationLandscapeRight";
				INFOPLIST_KEY_UISupportedInterfaceOrientations_iPhone = "UIInterfaceOrientationPortrait UIInterfaceOrientationLandscapeLeft UIInterfaceOrientationLandscapeRight";
				IPHONEOS_DEPLOYMENT_TARGET = 17.4;
				LD_RUNPATH_SEARCH_PATHS = "@executable_path/Frameworks";
				"LD_RUNPATH_SEARCH_PATHS[sdk=macosx*]" = "@executable_path/../Frameworks";
				MACOSX_DEPLOYMENT_TARGET = 14.4;
				MARKETING_VERSION = 1.0;
				PRODUCT_BUNDLE_IDENTIFIER = com.monscegutierrez.com.mapsSdk;
				PRODUCT_NAME = "$(TARGET_NAME)";
				SDKROOT = auto;
				SUPPORTED_PLATFORMS = "iphoneos iphonesimulator macosx";
				SWIFT_EMIT_LOC_STRINGS = YES;
				SWIFT_VERSION = 5.0;
				TARGETED_DEVICE_FAMILY = "1,2";
			};
			name = Release;
		};
/* End XCBuildConfiguration section */

/* Begin XCConfigurationList section */
		39A129112BE93BD200CDEB6D /* Build configuration list for PBXProject "mapsSdk" */ = {
			isa = XCConfigurationList;
			buildConfigurations = (
				39A129282BE93BD300CDEB6D /* Debug */,
				39A129292BE93BD300CDEB6D /* Release */,
			);
			defaultConfigurationIsVisible = 0;
			defaultConfigurationName = Release;
		};
		39A1292A2BE93BD300CDEB6D /* Build configuration list for PBXNativeTarget "mapsSdk" */ = {
			isa = XCConfigurationList;
			buildConfigurations = (
				39A1292B2BE93BD300CDEB6D /* Debug */,
				39A1292C2BE93BD300CDEB6D /* Release */,
			);
			defaultConfigurationIsVisible = 0;
			defaultConfigurationName = Release;
		};
/* End XCConfigurationList section */

/* Begin XCRemoteSwiftPackageReference section */
		39A129352BE9434F00CDEB6D /* XCRemoteSwiftPackageReference "ios-maps-sdk" */ = {
			isa = XCRemoteSwiftPackageReference;
			repositoryURL = "https://github.com/googlemaps/ios-maps-sdk";
			requirement = {
				kind = upToNextMajorVersion;
				minimumVersion = 8.4.0;
			};
		};
/* End XCRemoteSwiftPackageReference section */

/* Begin XCSwiftPackageProductDependency section */
		39A129362BE9434F00CDEB6D /* GoogleMaps */ = {
			isa = XCSwiftPackageProductDependency;
			package = 39A129352BE9434F00CDEB6D /* XCRemoteSwiftPackageReference "ios-maps-sdk" */;
			productName = GoogleMaps;
		};
		39A129382BE9434F00CDEB6D /* GoogleMapsBase */ = {
			isa = XCSwiftPackageProductDependency;
			package = 39A129352BE9434F00CDEB6D /* XCRemoteSwiftPackageReference "ios-maps-sdk" */;
			productName = GoogleMapsBase;
		};
		39A1293A2BE9434F00CDEB6D /* GoogleMapsCore */ = {
			isa = XCSwiftPackageProductDependency;
			package = 39A129352BE9434F00CDEB6D /* XCRemoteSwiftPackageReference "ios-maps-sdk" */;
			productName = GoogleMapsCore;
		};
		39A1293C2BE9434F00CDEB6D /* GoogleMapsM4B */ = {
			isa = XCSwiftPackageProductDependency;
			package = 39A129352BE9434F00CDEB6D /* XCRemoteSwiftPackageReference "ios-maps-sdk" */;
			productName = GoogleMapsM4B;
		};
/* End XCSwiftPackageProductDependency section */

/* Begin XCVersionGroup section */
		39A1291D2BE93BD200CDEB6D /* mapsSdk.xcdatamodeld */ = {
			isa = XCVersionGroup;
			children = (
				39A1291E2BE93BD200CDEB6D /* mapsSdk.xcdatamodel */,
			);
			currentVersion = 39A1291E2BE93BD200CDEB6D /* mapsSdk.xcdatamodel */;
			path = mapsSdk.xcdatamodeld;
			sourceTree = "<group>";
			versionGroupType = wrapper.xcdatamodel;
		};
/* End XCVersionGroup section */
	};
	rootObject = 39A1290E2BE93BD200CDEB6D /* Project object */;
}
